
Microsoft Visual Studio Solution File, Format Version 12.00
# Visual Studio 14
VisualStudioVersion = 14.0.24720.0
MinimumVisualStudioVersion = 10.0.40219.1
Project("{FAE04EC0-301F-11D3-BF4B-00C04F79EFBC}") = "NeuralNetworks", "NeuralNetworks\NeuralNetworks.csproj", "{2CCC2F12-499C-4654-8EAD-A6531C6627B1}"
EndProject
Project("{FAE04EC0-301F-11D3-BF4B-00C04F79EFBC}") = "NeuralNetworks.Tests", "NeuralNetworks.Tests\NeuralNetworks.Tests.csproj", "{6C8259E2-D9EC-4789-AFBD-6DD51FC74545}"
EndProject
Global
	GlobalSection(SolutionConfigurationPlatforms) = preSolution
		Debug|Any CPU = Debug|Any CPU
		Release|Any CPU = Release|Any CPU
	EndGlobalSection
	GlobalSection(ProjectConfigurationPlatforms) = postSolution
		{2CCC2F12-499C-4654-8EAD-A6531C6627B1}.Debug|Any CPU.ActiveCfg = Debug|Any CPU
		{2CCC2F12-499C-4654-8EAD-A6531C6627B1}.Debug|Any CPU.Build.0 = Debug|Any CPU
		{2CCC2F12-499C-4654-8EAD-A6531C6627B1}.Release|Any CPU.ActiveCfg = Release|Any CPU
		{2CCC2F12-499C-4654-8EAD-A6531C6627B1}.Release|Any CPU.Build.0 = Release|Any CPU
		{6C8259E2-D9EC-4789-AFBD-6DD51FC74545}.Debug|Any CPU.ActiveCfg = Debug|Any CPU
		{6C8259E2-D9EC-4789-AFBD-6DD51FC74545}.Debug|Any CPU.Build.0 = Debug|Any CPU
		{6C8259E2-D9EC-4789-AFBD-6DD51FC74545}.Release|Any CPU.ActiveCfg = Release|Any CPU
		{6C8259E2-D9EC-4789-AFBD-6DD51FC74545}.Release|Any CPU.Build.0 = Release|Any CPU
	EndGlobalSection
	GlobalSection(SolutionProperties) = preSolution
		HideSolutionNode = FALSE
	EndGlobalSection
EndGlobal
